{
  "version": 4,
  "terraform_version": "1.5.6",
  "serial": 8,
  "lineage": "f510013a-544e-1953-8fd8-900da48d505d",
  "outputs": {
    "public_ip": {
      "value": "44.213.114.226",
      "type": "string"
    }
  },
  "resources": [
    {
      "mode": "data",
      "type": "aws_ami",
      "name": "ubuntu",
      "provider": "provider[\"registry.terraform.io/hashicorp/aws\"]",
      "instances": [
        {
          "schema_version": 0,
          "attributes": {
            "architecture": "x86_64",
            "arn": "arn:aws:ec2:us-east-1::image/ami-011e48799a29115e9",
            "block_device_mappings": [
              {
                "device_name": "/dev/sda1",
                "ebs": {
                  "delete_on_termination": "true",
                  "encrypted": "false",
                  "iops": "0",
                  "snapshot_id": "snap-0a5faa5b3f4d8cce3",
                  "throughput": "0",
                  "volume_size": "8",
                  "volume_type": "gp2"
                },
                "no_device": "",
                "virtual_name": ""
              },
              {
                "device_name": "/dev/sdb",
                "ebs": {},
                "no_device": "",
                "virtual_name": "ephemeral0"
              },
              {
                "device_name": "/dev/sdc",
                "ebs": {},
                "no_device": "",
                "virtual_name": "ephemeral1"
              }
            ],
            "creation_date": "2023-08-15T00:13:20.000Z",
            "description": "Canonical, Ubuntu, 20.04 LTS, amd64 focal image build on 2023-08-14",
            "executable_users": null,
            "filter": [
              {
                "name": "name",
                "values": [
                  "ubuntu/images/hvm-ssd/ubuntu-*20*-amd64-server-*"
                ]
              },
              {
                "name": "virtualization-type",
                "values": [
                  "hvm"
                ]
              }
            ],
            "hypervisor": "xen",
            "id": "ami-011e48799a29115e9",
            "image_id": "ami-011e48799a29115e9",
            "image_location": "amazon/ubuntu/images/hvm-ssd/ubuntu-focal-20.04-amd64-server-20230814",
            "image_owner_alias": "amazon",
            "image_type": "machine",
            "kernel_id": null,
            "most_recent": true,
            "name": "ubuntu/images/hvm-ssd/ubuntu-focal-20.04-amd64-server-20230814",
            "name_regex": null,
            "owner_id": "099720109477",
            "owners": [
              "099720109477"
            ],
            "platform": null,
            "product_codes": [],
            "public": true,
            "ramdisk_id": null,
            "root_device_name": "/dev/sda1",
            "root_device_type": "ebs",
            "root_snapshot_id": "snap-0a5faa5b3f4d8cce3",
            "sriov_net_support": "simple",
            "state": "available",
            "state_reason": {
              "code": "UNSET",
              "message": "UNSET"
            },
            "tags": {},
            "virtualization_type": "hvm"
          },
          "sensitive_attributes": []
        }
      ]
    },
    {
      "mode": "data",
      "type": "template_file",
      "name": "user_data",
      "provider": "provider[\"registry.terraform.io/hashicorp/template\"]",
      "instances": [
        {
          "schema_version": 0,
          "attributes": {
            "filename": null,
            "id": "127042d2ec02fc2603dfbdc0894d2cd29e1c88909b3203aa2f813b3cb5774cdf",
            "rendered": "#cloud-config\n# Add groups to the system\n# Adds the ubuntu group with members 'root' and 'sys'\n# and the empty group hashicorp.\ngroups:\n  - ubuntu: [root,sys]\n  - hashicorp\n\n# Add users to the system. Users are added after groups are added.\nusers:\n  - default\n  - name: terraform\n    gecos: terraform\n    shell: /bin/bash\n    primary_group: hashicorp\n    sudo: ALL=(ALL) NOPASSWD:ALL\n    groups: users, admin\n    lock_passwd: false\n    ssh_authorized_keys:\n      - ssh-rsa AAAAB3NzaC1yc2EAAAADAQABAAABgQDdvfh8mVX/cpWM6bSgbuYKj8UcepDjiKcshUxth16kW6ZP0MIujduApEvKoKQ/IB1PhPKwdhlqRVb0Ekzh9NI5S3MCdgfCHFdAuLnyfEIEvi11I7Xg7LrfGSc8N1C9ZLBVOUpPnDW9gcCl0lw8go32h0CYU+E5dO9MwQmNX5GThu/0L05VghYBsxEqU8xcVtIF21xVYv6u0W4OhlLN4nFfI9HJwDDar469EsoJVS3dvVW3f0zMAD1k173SgtehU/Rfoi1MeBTlnxn/bzPi3H/Q0Gbp6hnXfc1RtnfSifH00YHXF/LQq6Bho6ITbEN2IFSw8i6WPgO/XSZQVkFCkF2vynqLYq/4zaG8tiHtkrk0QjKe3IVSAKHMTJxxe2wK4DWzi7++6yR/f64AUChUHdEGLFJ6HkbZIPGZScMS1f0y6Xl3M6xbqBEvtymwZSjig5LtENnXuO58evq4Sgt1gwmke4LO2g7G12g+xOlU4mNu0v/f9+PqMdVzGumd/s0QdRc= sibon@Sibonelo-HP\n\n# Downloads the golang package\npackages:\n  - golang-go\n\n# Sets the GOPATH \u0026 downloads the demo payload\nruncmd:\n  - sudo su terraform\n  - sudo mkdir /home/terraform/go\n  - sudo chown terraform:hashicorp /home/terraform/go\n  - export GOPATH=/home/terraform/go\n  - go get github.com/hashicorp/learn-go-webapp-demo\n",
            "template": "#cloud-config\n# Add groups to the system\n# Adds the ubuntu group with members 'root' and 'sys'\n# and the empty group hashicorp.\ngroups:\n  - ubuntu: [root,sys]\n  - hashicorp\n\n# Add users to the system. Users are added after groups are added.\nusers:\n  - default\n  - name: terraform\n    gecos: terraform\n    shell: /bin/bash\n    primary_group: hashicorp\n    sudo: ALL=(ALL) NOPASSWD:ALL\n    groups: users, admin\n    lock_passwd: false\n    ssh_authorized_keys:\n      - ssh-rsa AAAAB3NzaC1yc2EAAAADAQABAAABgQDdvfh8mVX/cpWM6bSgbuYKj8UcepDjiKcshUxth16kW6ZP0MIujduApEvKoKQ/IB1PhPKwdhlqRVb0Ekzh9NI5S3MCdgfCHFdAuLnyfEIEvi11I7Xg7LrfGSc8N1C9ZLBVOUpPnDW9gcCl0lw8go32h0CYU+E5dO9MwQmNX5GThu/0L05VghYBsxEqU8xcVtIF21xVYv6u0W4OhlLN4nFfI9HJwDDar469EsoJVS3dvVW3f0zMAD1k173SgtehU/Rfoi1MeBTlnxn/bzPi3H/Q0Gbp6hnXfc1RtnfSifH00YHXF/LQq6Bho6ITbEN2IFSw8i6WPgO/XSZQVkFCkF2vynqLYq/4zaG8tiHtkrk0QjKe3IVSAKHMTJxxe2wK4DWzi7++6yR/f64AUChUHdEGLFJ6HkbZIPGZScMS1f0y6Xl3M6xbqBEvtymwZSjig5LtENnXuO58evq4Sgt1gwmke4LO2g7G12g+xOlU4mNu0v/f9+PqMdVzGumd/s0QdRc= sibon@Sibonelo-HP\n\n# Downloads the golang package\npackages:\n  - golang-go\n\n# Sets the GOPATH \u0026 downloads the demo payload\nruncmd:\n  - sudo su terraform\n  - sudo mkdir /home/terraform/go\n  - sudo chown terraform:hashicorp /home/terraform/go\n  - export GOPATH=/home/terraform/go\n  - go get github.com/hashicorp/learn-go-webapp-demo\n",
            "vars": null
          },
          "sensitive_attributes": []
        }
      ]
    },
    {
      "mode": "managed",
      "type": "aws_instance",
      "name": "web",
      "provider": "provider[\"registry.terraform.io/hashicorp/aws\"]",
      "instances": [
        {
          "schema_version": 1,
          "attributes": {
            "ami": "ami-011e48799a29115e9",
            "arn": "arn:aws:ec2:us-east-1:533224548430:instance/i-040662b0f0eaed4de",
            "associate_public_ip_address": true,
            "availability_zone": "us-east-1d",
            "cpu_core_count": 1,
            "cpu_threads_per_core": 1,
            "credit_specification": [
              {
                "cpu_credits": "standard"
              }
            ],
            "disable_api_termination": false,
            "ebs_block_device": [],
            "ebs_optimized": false,
            "enclave_options": [
              {
                "enabled": false
              }
            ],
            "ephemeral_block_device": [],
            "get_password_data": false,
            "hibernation": false,
            "host_id": null,
            "iam_instance_profile": "",
            "id": "i-040662b0f0eaed4de",
            "instance_initiated_shutdown_behavior": null,
            "instance_state": "running",
            "instance_type": "t2.micro",
            "ipv6_address_count": 0,
            "ipv6_addresses": [],
            "key_name": "",
            "metadata_options": [
              {
                "http_endpoint": "enabled",
                "http_put_response_hop_limit": 1,
                "http_tokens": "optional"
              }
            ],
            "monitoring": false,
            "network_interface": [],
            "outpost_arn": "",
            "password_data": "",
            "placement_group": "",
            "primary_network_interface_id": "eni-00c2fb216afa4d6af",
            "private_dns": "ip-10-1-0-243.ec2.internal",
            "private_ip": "10.1.0.243",
            "public_dns": "ec2-44-213-114-226.compute-1.amazonaws.com",
            "public_ip": "44.213.114.226",
            "root_block_device": [
              {
                "delete_on_termination": true,
                "device_name": "/dev/sda1",
                "encrypted": false,
                "iops": 100,
                "kms_key_id": "",
                "tags": {},
                "throughput": 0,
                "volume_id": "vol-09a9b936ba786fa6e",
                "volume_size": 8,
                "volume_type": "gp2"
              }
            ],
            "secondary_private_ips": [],
            "security_groups": [],
            "source_dest_check": true,
            "subnet_id": "subnet-02e643ef032155ef7",
            "tags": {
              "Name": "Learn-CloudInit"
            },
            "tenancy": "default",
            "timeouts": null,
            "user_data": "2bfc95816846757db7b4a41748229343a50ab72f",
            "user_data_base64": null,
            "volume_tags": null,
            "vpc_security_group_ids": [
              "sg-0d96237e50c084ca4"
            ]
          },
          "sensitive_attributes": [],
          "private": "eyJlMmJmYjczMC1lY2FhLTExZTYtOGY4OC0zNDM2M2JjN2M0YzAiOnsiY3JlYXRlIjo2MDAwMDAwMDAwMDAsImRlbGV0ZSI6MTIwMDAwMDAwMDAwMCwidXBkYXRlIjo2MDAwMDAwMDAwMDB9LCJzY2hlbWFfdmVyc2lvbiI6IjEifQ==",
          "dependencies": [
            "aws_security_group.sg_22_80",
            "aws_subnet.subnet_public",
            "aws_vpc.vpc",
            "data.aws_ami.ubuntu",
            "data.template_file.user_data"
          ]
        }
      ]
    },
    {
      "mode": "managed",
      "type": "aws_internet_gateway",
      "name": "igw",
      "provider": "provider[\"registry.terraform.io/hashicorp/aws\"]",
      "instances": [
        {
          "schema_version": 0,
          "attributes": {
            "arn": "arn:aws:ec2:us-east-1:533224548430:internet-gateway/igw-0627856dc857e19fc",
            "id": "igw-0627856dc857e19fc",
            "owner_id": "533224548430",
            "tags": null,
            "vpc_id": "vpc-0cf26b19ce7b1ebfb"
          },
          "sensitive_attributes": [],
          "private": "bnVsbA==",
          "dependencies": [
            "aws_vpc.vpc"
          ]
        }
      ]
    },
    {
      "mode": "managed",
      "type": "aws_route_table",
      "name": "rtb_public",
      "provider": "provider[\"registry.terraform.io/hashicorp/aws\"]",
      "instances": [
        {
          "schema_version": 0,
          "attributes": {
            "id": "rtb-05d1820b5383fa53e",
            "owner_id": "533224548430",
            "propagating_vgws": [],
            "route": [
              {
                "cidr_block": "0.0.0.0/0",
                "egress_only_gateway_id": "",
                "gateway_id": "igw-0627856dc857e19fc",
                "instance_id": "",
                "ipv6_cidr_block": "",
                "local_gateway_id": "",
                "nat_gateway_id": "",
                "network_interface_id": "",
                "transit_gateway_id": "",
                "vpc_endpoint_id": "",
                "vpc_peering_connection_id": ""
              }
            ],
            "tags": null,
            "vpc_id": "vpc-0cf26b19ce7b1ebfb"
          },
          "sensitive_attributes": [],
          "private": "bnVsbA==",
          "dependencies": [
            "aws_internet_gateway.igw",
            "aws_vpc.vpc"
          ]
        }
      ]
    },
    {
      "mode": "managed",
      "type": "aws_route_table_association",
      "name": "rta_subnet_public",
      "provider": "provider[\"registry.terraform.io/hashicorp/aws\"]",
      "instances": [
        {
          "schema_version": 0,
          "attributes": {
            "gateway_id": null,
            "id": "rtbassoc-0d5fd0a844f2dcf1e",
            "route_table_id": "rtb-05d1820b5383fa53e",
            "subnet_id": "subnet-02e643ef032155ef7"
          },
          "sensitive_attributes": [],
          "private": "bnVsbA==",
          "dependencies": [
            "aws_internet_gateway.igw",
            "aws_route_table.rtb_public",
            "aws_subnet.subnet_public",
            "aws_vpc.vpc"
          ]
        }
      ]
    },
    {
      "mode": "managed",
      "type": "aws_security_group",
      "name": "sg_22_80",
      "provider": "provider[\"registry.terraform.io/hashicorp/aws\"]",
      "instances": [
        {
          "schema_version": 1,
          "attributes": {
            "arn": "arn:aws:ec2:us-east-1:533224548430:security-group/sg-0d96237e50c084ca4",
            "description": "Managed by Terraform",
            "egress": [
              {
                "cidr_blocks": [
                  "0.0.0.0/0"
                ],
                "description": "",
                "from_port": 0,
                "ipv6_cidr_blocks": [],
                "prefix_list_ids": [],
                "protocol": "-1",
                "security_groups": [],
                "self": false,
                "to_port": 0
              }
            ],
            "id": "sg-0d96237e50c084ca4",
            "ingress": [
              {
                "cidr_blocks": [
                  "0.0.0.0/0"
                ],
                "description": "",
                "from_port": 22,
                "ipv6_cidr_blocks": [],
                "prefix_list_ids": [],
                "protocol": "tcp",
                "security_groups": [],
                "self": false,
                "to_port": 22
              },
              {
                "cidr_blocks": [
                  "0.0.0.0/0"
                ],
                "description": "",
                "from_port": 8080,
                "ipv6_cidr_blocks": [],
                "prefix_list_ids": [],
                "protocol": "tcp",
                "security_groups": [],
                "self": false,
                "to_port": 8080
              },
              {
                "cidr_blocks": [
                  "0.0.0.0/0"
                ],
                "description": "",
                "from_port": 80,
                "ipv6_cidr_blocks": [],
                "prefix_list_ids": [],
                "protocol": "tcp",
                "security_groups": [],
                "self": false,
                "to_port": 80
              }
            ],
            "name": "sg_22",
            "name_prefix": "",
            "owner_id": "533224548430",
            "revoke_rules_on_delete": false,
            "tags": null,
            "timeouts": null,
            "vpc_id": "vpc-0cf26b19ce7b1ebfb"
          },
          "sensitive_attributes": [],
          "private": "eyJlMmJmYjczMC1lY2FhLTExZTYtOGY4OC0zNDM2M2JjN2M0YzAiOnsiY3JlYXRlIjo2MDAwMDAwMDAwMDAsImRlbGV0ZSI6NjAwMDAwMDAwMDAwfSwic2NoZW1hX3ZlcnNpb24iOiIxIn0=",
          "dependencies": [
            "aws_vpc.vpc"
          ]
        }
      ]
    },
    {
      "mode": "managed",
      "type": "aws_subnet",
      "name": "subnet_public",
      "provider": "provider[\"registry.terraform.io/hashicorp/aws\"]",
      "instances": [
        {
          "schema_version": 1,
          "attributes": {
            "arn": "arn:aws:ec2:us-east-1:533224548430:subnet/subnet-02e643ef032155ef7",
            "assign_ipv6_address_on_creation": false,
            "availability_zone": "us-east-1d",
            "availability_zone_id": "use1-az1",
            "cidr_block": "10.1.0.0/24",
            "id": "subnet-02e643ef032155ef7",
            "ipv6_cidr_block": "",
            "ipv6_cidr_block_association_id": "",
            "map_public_ip_on_launch": false,
            "outpost_arn": "",
            "owner_id": "533224548430",
            "tags": null,
            "timeouts": null,
            "vpc_id": "vpc-0cf26b19ce7b1ebfb"
          },
          "sensitive_attributes": [],
          "private": "eyJlMmJmYjczMC1lY2FhLTExZTYtOGY4OC0zNDM2M2JjN2M0YzAiOnsiY3JlYXRlIjo2MDAwMDAwMDAwMDAsImRlbGV0ZSI6MTIwMDAwMDAwMDAwMH0sInNjaGVtYV92ZXJzaW9uIjoiMSJ9",
          "dependencies": [
            "aws_vpc.vpc"
          ]
        }
      ]
    },
    {
      "mode": "managed",
      "type": "aws_vpc",
      "name": "vpc",
      "provider": "provider[\"registry.terraform.io/hashicorp/aws\"]",
      "instances": [
        {
          "schema_version": 1,
          "attributes": {
            "arn": "arn:aws:ec2:us-east-1:533224548430:vpc/vpc-0cf26b19ce7b1ebfb",
            "assign_generated_ipv6_cidr_block": false,
            "cidr_block": "10.1.0.0/16",
            "default_network_acl_id": "acl-0c170868cdf4541b9",
            "default_route_table_id": "rtb-0949f9bdaa804ecb6",
            "default_security_group_id": "sg-069953f0fa529028c",
            "dhcp_options_id": "dopt-0d9bfa419514370b3",
            "enable_classiclink": false,
            "enable_classiclink_dns_support": false,
            "enable_dns_hostnames": true,
            "enable_dns_support": true,
            "id": "vpc-0cf26b19ce7b1ebfb",
            "instance_tenancy": "default",
            "ipv6_association_id": "",
            "ipv6_cidr_block": "",
            "main_route_table_id": "rtb-0949f9bdaa804ecb6",
            "owner_id": "533224548430",
            "tags": null
          },
          "sensitive_attributes": [],
          "private": "eyJzY2hlbWFfdmVyc2lvbiI6IjEifQ=="
        }
      ]
    }
  ],
  "check_results": null
}
